// !$*UTF8*$!
{
	archiveVersion = 1;
	classes = {
	};
	objectVersion = 46;
	objects = {

/* Begin PBXBuildFile section */
		8407CC051E78EC060075052F /* rentItem.m in Sources */ = {isa = PBXBuildFile; fileRef = 8407CC041E78EC060075052F /* rentItem.m */; };
		8407CC081E78ED6E0075052F /* rentitemlist.m in Sources */ = {isa = PBXBuildFile; fileRef = 8407CC071E78ED6E0075052F /* rentitemlist.m */; };
		842B9CE81E79861D00C79E5A /* updateprofile.m in Sources */ = {isa = PBXBuildFile; fileRef = 842B9CE71E79861D00C79E5A /* updateprofile.m */; };
		842B9CEB1E798A1A00C79E5A /* rentitemdetail.m in Sources */ = {isa = PBXBuildFile; fileRef = 842B9CEA1E798A1A00C79E5A /* rentitemdetail.m */; };
		8447FB6B1E6B660200BAFED0 /* profileview.m in Sources */ = {isa = PBXBuildFile; fileRef = 8447FB6A1E6B660200BAFED0 /* profileview.m */; };
		8463075E1E77360000814D34 /* requestlist.m in Sources */ = {isa = PBXBuildFile; fileRef = 8463075D1E77360000814D34 /* requestlist.m */; };
		846307611E7736EA00814D34 /* RequestItem.m in Sources */ = {isa = PBXBuildFile; fileRef = 846307601E7736EA00814D34 /* RequestItem.m */; };
		846307641E77372A00814D34 /* requestdetail.m in Sources */ = {isa = PBXBuildFile; fileRef = 846307631E77372A00814D34 /* requestdetail.m */; };
		8485A5411E7DD3C100EE60F4 /* Add.png in Resources */ = {isa = PBXBuildFile; fileRef = 8485A5361E7DD3C100EE60F4 /* Add.png */; };
		8485A5421E7DD3C100EE60F4 /* application-icon.png in Resources */ = {isa = PBXBuildFile; fileRef = 8485A5371E7DD3C100EE60F4 /* application-icon.png */; };
		8485A5431E7DD3C100EE60F4 /* login2-01.png in Resources */ = {isa = PBXBuildFile; fileRef = 8485A5381E7DD3C100EE60F4 /* login2-01.png */; };
		8485A5441E7DD3C100EE60F4 /* Payment.png in Resources */ = {isa = PBXBuildFile; fileRef = 8485A5391E7DD3C100EE60F4 /* Payment.png */; };
		8485A5451E7DD3C100EE60F4 /* Picture12.png in Resources */ = {isa = PBXBuildFile; fileRef = 8485A53A1E7DD3C100EE60F4 /* Picture12.png */; };
		8485A5461E7DD3C100EE60F4 /* Profile.png in Resources */ = {isa = PBXBuildFile; fileRef = 8485A53B1E7DD3C100EE60F4 /* Profile.png */; };
		8485A5471E7DD3C100EE60F4 /* purchase-guy.png in Resources */ = {isa = PBXBuildFile; fileRef = 8485A53C1E7DD3C100EE60F4 /* purchase-guy.png */; };
		8485A5481E7DD3C100EE60F4 /* Report.png in Resources */ = {isa = PBXBuildFile; fileRef = 8485A53D1E7DD3C100EE60F4 /* Report.png */; };
		8485A5491E7DD3C100EE60F4 /* Request.png in Resources */ = {isa = PBXBuildFile; fileRef = 8485A53E1E7DD3C100EE60F4 /* Request.png */; };
		8485A54A1E7DD3C100EE60F4 /* Setting.png in Resources */ = {isa = PBXBuildFile; fileRef = 8485A53F1E7DD3C100EE60F4 /* Setting.png */; };
		8485A54B1E7DD3C100EE60F4 /* vsl-header-scm-Inventory-management.png in Resources */ = {isa = PBXBuildFile; fileRef = 8485A5401E7DD3C100EE60F4 /* vsl-header-scm-Inventory-management.png */; };
		849AF8671E7F20FA00687FC4 /* welcome-pictures-30.png in Resources */ = {isa = PBXBuildFile; fileRef = 849AF8661E7F20FA00687FC4 /* welcome-pictures-30.png */; };
		84A239341E6AF0C9005EEEE7 /* homepage.m in Sources */ = {isa = PBXBuildFile; fileRef = 84A239331E6AF0C9005EEEE7 /* homepage.m */; };
		84B206161E758A1900FE46CA /* myItems.m in Sources */ = {isa = PBXBuildFile; fileRef = 84B206151E758A1900FE46CA /* myItems.m */; };
		84B206191E758D7100FE46CA /* myfile2.m in Sources */ = {isa = PBXBuildFile; fileRef = 84B206181E758D7100FE46CA /* myfile2.m */; };
		84B2061C1E758DB800FE46CA /* AddItem.m in Sources */ = {isa = PBXBuildFile; fileRef = 84B2061B1E758DB800FE46CA /* AddItem.m */; };
		84B2061F1E75A65B00FE46CA /* reportItem.m in Sources */ = {isa = PBXBuildFile; fileRef = 84B2061E1E75A65B00FE46CA /* reportItem.m */; };
		84B206221E75A7D700FE46CA /* reportlist.m in Sources */ = {isa = PBXBuildFile; fileRef = 84B206211E75A7D700FE46CA /* reportlist.m */; };
		84B206251E75AA3400FE46CA /* reportdetail.m in Sources */ = {isa = PBXBuildFile; fileRef = 84B206241E75AA3400FE46CA /* reportdetail.m */; };
		84BDF2741E12C90B00BACB09 /* main.m in Sources */ = {isa = PBXBuildFile; fileRef = 84BDF2731E12C90B00BACB09 /* main.m */; };
		84BDF2771E12C90B00BACB09 /* AppDelegate.m in Sources */ = {isa = PBXBuildFile; fileRef = 84BDF2761E12C90B00BACB09 /* AppDelegate.m */; };
		84BDF27A1E12C90B00BACB09 /* ViewController.m in Sources */ = {isa = PBXBuildFile; fileRef = 84BDF2791E12C90B00BACB09 /* ViewController.m */; };
		84BDF27D1E12C90B00BACB09 /* Main.storyboard in Resources */ = {isa = PBXBuildFile; fileRef = 84BDF27B1E12C90B00BACB09 /* Main.storyboard */; };
		84BDF27F1E12C90B00BACB09 /* Assets.xcassets in Resources */ = {isa = PBXBuildFile; fileRef = 84BDF27E1E12C90B00BACB09 /* Assets.xcassets */; };
		84BDF2821E12C90B00BACB09 /* LaunchScreen.storyboard in Resources */ = {isa = PBXBuildFile; fileRef = 84BDF2801E12C90B00BACB09 /* LaunchScreen.storyboard */; };
		84BDF28D1E12C90B00BACB09 /* collegeInventoryTests.m in Sources */ = {isa = PBXBuildFile; fileRef = 84BDF28C1E12C90B00BACB09 /* collegeInventoryTests.m */; };
		84BDF2981E12C90B00BACB09 /* collegeInventoryUITests.m in Sources */ = {isa = PBXBuildFile; fileRef = 84BDF2971E12C90B00BACB09 /* collegeInventoryUITests.m */; };
/* End PBXBuildFile section */

/* Begin PBXContainerItemProxy section */
		84BDF2891E12C90B00BACB09 /* PBXContainerItemProxy */ = {
			isa = PBXContainerItemProxy;
			containerPortal = 84BDF2671E12C90B00BACB09 /* Project object */;
			proxyType = 1;
			remoteGlobalIDString = 84BDF26E1E12C90B00BACB09;
			remoteInfo = collegeInventory;
		};
		84BDF2941E12C90B00BACB09 /* PBXContainerItemProxy */ = {
			isa = PBXContainerItemProxy;
			containerPortal = 84BDF2671E12C90B00BACB09 /* Project object */;
			proxyType = 1;
			remoteGlobalIDString = 84BDF26E1E12C90B00BACB09;
			remoteInfo = collegeInventory;
		};
/* End PBXContainerItemProxy section */

/* Begin PBXFileReference section */
		8407CC031E78EC060075052F /* rentItem.h */ = {isa = PBXFileReference; fileEncoding = 4; lastKnownFileType = sourcecode.c.h; path = rentItem.h; sourceTree = "<group>"; };
		8407CC041E78EC060075052F /* rentItem.m */ = {isa = PBXFileReference; fileEncoding = 4; lastKnownFileType = sourcecode.c.objc; path = rentItem.m; sourceTree = "<group>"; };
		8407CC061E78ED6E0075052F /* rentitemlist.h */ = {isa = PBXFileReference; fileEncoding = 4; lastKnownFileType = sourcecode.c.h; path = rentitemlist.h; sourceTree = "<group>"; };
		8407CC071E78ED6E0075052F /* rentitemlist.m */ = {isa = PBXFileReference; fileEncoding = 4; lastKnownFileType = sourcecode.c.objc; path = rentitemlist.m; sourceTree = "<group>"; };
		842B9CE61E79861D00C79E5A /* updateprofile.h */ = {isa = PBXFileReference; fileEncoding = 4; lastKnownFileType = sourcecode.c.h; path = updateprofile.h; sourceTree = "<group>"; };
		842B9CE71E79861D00C79E5A /* updateprofile.m */ = {isa = PBXFileReference; fileEncoding = 4; lastKnownFileType = sourcecode.c.objc; path = updateprofile.m; sourceTree = "<group>"; };
		842B9CE91E798A1A00C79E5A /* rentitemdetail.h */ = {isa = PBXFileReference; fileEncoding = 4; lastKnownFileType = sourcecode.c.h; path = rentitemdetail.h; sourceTree = "<group>"; };
		842B9CEA1E798A1A00C79E5A /* rentitemdetail.m */ = {isa = PBXFileReference; fileEncoding = 4; lastKnownFileType = sourcecode.c.objc; path = rentitemdetail.m; sourceTree = "<group>"; };
		8447FB691E6B660200BAFED0 /* profileview.h */ = {isa = PBXFileReference; fileEncoding = 4; lastKnownFileType = sourcecode.c.h; path = profileview.h; sourceTree = "<group>"; };
		8447FB6A1E6B660200BAFED0 /* profileview.m */ = {isa = PBXFileReference; fileEncoding = 4; lastKnownFileType = sourcecode.c.objc; path = profileview.m; sourceTree = "<group>"; };
		8463075C1E77360000814D34 /* requestlist.h */ = {isa = PBXFileReference; fileEncoding = 4; lastKnownFileType = sourcecode.c.h; path = requestlist.h; sourceTree = "<group>"; };
		8463075D1E77360000814D34 /* requestlist.m */ = {isa = PBXFileReference; fileEncoding = 4; lastKnownFileType = sourcecode.c.objc; path = requestlist.m; sourceTree = "<group>"; };
		8463075F1E7736EA00814D34 /* RequestItem.h */ = {isa = PBXFileReference; fileEncoding = 4; lastKnownFileType = sourcecode.c.h; path = RequestItem.h; sourceTree = "<group>"; };
		846307601E7736EA00814D34 /* RequestItem.m */ = {isa = PBXFileReference; fileEncoding = 4; lastKnownFileType = sourcecode.c.objc; path = RequestItem.m; sourceTree = "<group>"; };
		846307621E77372A00814D34 /* requestdetail.h */ = {isa = PBXFileReference; fileEncoding = 4; lastKnownFileType = sourcecode.c.h; path = requestdetail.h; sourceTree = "<group>"; };
		846307631E77372A00814D34 /* requestdetail.m */ = {isa = PBXFileReference; fileEncoding = 4; lastKnownFileType = sourcecode.c.objc; path = requestdetail.m; sourceTree = "<group>"; };
		8485A5361E7DD3C100EE60F4 /* Add.png */ = {isa = PBXFileReference; lastKnownFileType = image.png; path = Add.png; sourceTree = SOURCE_ROOT; };
		8485A5371E7DD3C100EE60F4 /* application-icon.png */ = {isa = PBXFileReference; lastKnownFileType = image.png; path = "application-icon.png"; sourceTree = SOURCE_ROOT; };
		8485A5381E7DD3C100EE60F4 /* login2-01.png */ = {isa = PBXFileReference; lastKnownFileType = image.png; path = "login2-01.png"; sourceTree = SOURCE_ROOT; };
		8485A5391E7DD3C100EE60F4 /* Payment.png */ = {isa = PBXFileReference; lastKnownFileType = image.png; path = Payment.png; sourceTree = SOURCE_ROOT; };
		8485A53A1E7DD3C100EE60F4 /* Picture12.png */ = {isa = PBXFileReference; lastKnownFileType = image.png; path = Picture12.png; sourceTree = SOURCE_ROOT; };
		8485A53B1E7DD3C100EE60F4 /* Profile.png */ = {isa = PBXFileReference; lastKnownFileType = image.png; path = Profile.png; sourceTree = SOURCE_ROOT; };
		8485A53C1E7DD3C100EE60F4 /* purchase-guy.png */ = {isa = PBXFileReference; lastKnownFileType = image.png; path = "purchase-guy.png"; sourceTree = SOURCE_ROOT; };
		8485A53D1E7DD3C100EE60F4 /* Report.png */ = {isa = PBXFileReference; lastKnownFileType = image.png; path = Report.png; sourceTree = SOURCE_ROOT; };
		8485A53E1E7DD3C100EE60F4 /* Request.png */ = {isa = PBXFileReference; lastKnownFileType = image.png; path = Request.png; sourceTree = SOURCE_ROOT; };
		8485A53F1E7DD3C100EE60F4 /* Setting.png */ = {isa = PBXFileReference; lastKnownFileType = image.png; path = Setting.png; sourceTree = SOURCE_ROOT; };
		8485A5401E7DD3C100EE60F4 /* vsl-header-scm-Inventory-management.png */ = {isa = PBXFileReference; lastKnownFileType = image.png; path = "vsl-header-scm-Inventory-management.png"; sourceTree = SOURCE_ROOT; };
		849AF8661E7F20FA00687FC4 /* welcome-pictures-30.png */ = {isa = PBXFileReference; lastKnownFileType = image.png; path = "welcome-pictures-30.png"; sourceTree = SOURCE_ROOT; };
		84A239321E6AF0C9005EEEE7 /* homepage.h */ = {isa = PBXFileReference; fileEncoding = 4; lastKnownFileType = sourcecode.c.h; path = homepage.h; sourceTree = "<group>"; };
		84A239331E6AF0C9005EEEE7 /* homepage.m */ = {isa = PBXFileReference; fileEncoding = 4; lastKnownFileType = sourcecode.c.objc; path = homepage.m; sourceTree = "<group>"; };
		84B206141E758A1900FE46CA /* myItems.h */ = {isa = PBXFileReference; fileEncoding = 4; lastKnownFileType = sourcecode.c.h; path = myItems.h; sourceTree = "<group>"; };
		84B206151E758A1900FE46CA /* myItems.m */ = {isa = PBXFileReference; fileEncoding = 4; lastKnownFileType = sourcecode.c.objc; path = myItems.m; sourceTree = "<group>"; };
		84B206171E758D7100FE46CA /* myfile2.h */ = {isa = PBXFileReference; fileEncoding = 4; lastKnownFileType = sourcecode.c.h; path = myfile2.h; sourceTree = "<group>"; };
		84B206181E758D7100FE46CA /* myfile2.m */ = {isa = PBXFileReference; fileEncoding = 4; lastKnownFileType = sourcecode.c.objc; path = myfile2.m; sourceTree = "<group>"; };
		84B2061A1E758DB800FE46CA /* AddItem.h */ = {isa = PBXFileReference; fileEncoding = 4; lastKnownFileType = sourcecode.c.h; path = AddItem.h; sourceTree = "<group>"; };
		84B2061B1E758DB800FE46CA /* AddItem.m */ = {isa = PBXFileReference; fileEncoding = 4; lastKnownFileType = sourcecode.c.objc; path = AddItem.m; sourceTree = "<group>"; };
		84B2061D1E75A65B00FE46CA /* reportItem.h */ = {isa = PBXFileReference; fileEncoding = 4; lastKnownFileType = sourcecode.c.h; path = reportItem.h; sourceTree = "<group>"; };
		84B2061E1E75A65B00FE46CA /* reportItem.m */ = {isa = PBXFileReference; fileEncoding = 4; lastKnownFileType = sourcecode.c.objc; path = reportItem.m; sourceTree = "<group>"; };
		84B206201E75A7D700FE46CA /* reportlist.h */ = {isa = PBXFileReference; fileEncoding = 4; lastKnownFileType = sourcecode.c.h; path = reportlist.h; sourceTree = "<group>"; };
		84B206211E75A7D700FE46CA /* reportlist.m */ = {isa = PBXFileReference; fileEncoding = 4; lastKnownFileType = sourcecode.c.objc; path = reportlist.m; sourceTree = "<group>"; };
		84B206231E75AA3400FE46CA /* reportdetail.h */ = {isa = PBXFileReference; fileEncoding = 4; lastKnownFileType = sourcecode.c.h; path = reportdetail.h; sourceTree = "<group>"; };
		84B206241E75AA3400FE46CA /* reportdetail.m */ = {isa = PBXFileReference; fileEncoding = 4; lastKnownFileType = sourcecode.c.objc; path = reportdetail.m; sourceTree = "<group>"; };
		84BDF26F1E12C90B00BACB09 /* collegeInventory.app */ = {isa = PBXFileReference; explicitFileType = wrapper.application; includeInIndex = 0; path = collegeInventory.app; sourceTree = BUILT_PRODUCTS_DIR; };
		84BDF2731E12C90B00BACB09 /* main.m */ = {isa = PBXFileReference; lastKnownFileType = sourcecode.c.objc; path = main.m; sourceTree = "<group>"; };
		84BDF2751E12C90B00BACB09 /* AppDelegate.h */ = {isa = PBXFileReference; lastKnownFileType = sourcecode.c.h; path = AppDelegate.h; sourceTree = "<group>"; };
		84BDF2761E12C90B00BACB09 /* AppDelegate.m */ = {isa = PBXFileReference; lastKnownFileType = sourcecode.c.objc; path = AppDelegate.m; sourceTree = "<group>"; };
		84BDF2781E12C90B00BACB09 /* ViewController.h */ = {isa = PBXFileReference; lastKnownFileType = sourcecode.c.h; path = ViewController.h; sourceTree = "<group>"; };
		84BDF2791E12C90B00BACB09 /* ViewController.m */ = {isa = PBXFileReference; lastKnownFileType = sourcecode.c.objc; path = ViewController.m; sourceTree = "<group>"; };
		84BDF27C1E12C90B00BACB09 /* Base */ = {isa = PBXFileReference; lastKnownFileType = file.storyboard; name = Base; path = Base.lproj/Main.storyboard; sourceTree = "<group>"; };
		84BDF27E1E12C90B00BACB09 /* Assets.xcassets */ = {isa = PBXFileReference; lastKnownFileType = folder.assetcatalog; path = Assets.xcassets; sourceTree = "<group>"; };
		84BDF2811E12C90B00BACB09 /* Base */ = {isa = PBXFileReference; lastKnownFileType = file.storyboard; name = Base; path = Base.lproj/LaunchScreen.storyboard; sourceTree = "<group>"; };
		84BDF2831E12C90B00BACB09 /* Info.plist */ = {isa = PBXFileReference; lastKnownFileType = text.plist.xml; path = Info.plist; sourceTree = "<group>"; };
		84BDF2881E12C90B00BACB09 /* collegeInventoryTests.xctest */ = {isa = PBXFileReference; explicitFileType = wrapper.cfbundle; includeInIndex = 0; path = collegeInventoryTests.xctest; sourceTree = BUILT_PRODUCTS_DIR; };
		84BDF28C1E12C90B00BACB09 /* collegeInventoryTests.m */ = {isa = PBXFileReference; lastKnownFileType = sourcecode.c.objc; path = collegeInventoryTests.m; sourceTree = "<group>"; };
		84BDF28E1E12C90B00BACB09 /* Info.plist */ = {isa = PBXFileReference; lastKnownFileType = text.plist.xml; path = Info.plist; sourceTree = "<group>"; };
		84BDF2931E12C90B00BACB09 /* collegeInventoryUITests.xctest */ = {isa = PBXFileReference; explicitFileType = wrapper.cfbundle; includeInIndex = 0; path = collegeInventoryUITests.xctest; sourceTree = BUILT_PRODUCTS_DIR; };
		84BDF2971E12C90B00BACB09 /* collegeInventoryUITests.m */ = {isa = PBXFileReference; lastKnownFileType = sourcecode.c.objc; path = collegeInventoryUITests.m; sourceTree = "<group>"; };
		84BDF2991E12C90B00BACB09 /* Info.plist */ = {isa = PBXFileReference; lastKnownFileType = text.plist.xml; path = Info.plist; sourceTree = "<group>"; };
/* End PBXFileReference section */

/* Begin PBXFrameworksBuildPhase section */
		84BDF26C1E12C90B00BACB09 /* Frameworks */ = {
			isa = PBXFrameworksBuildPhase;
			buildActionMask = 2147483647;
			files = (
			);
			runOnlyForDeploymentPostprocessing = 0;
		};
		84BDF2851E12C90B00BACB09 /* Frameworks */ = {
			isa = PBXFrameworksBuildPhase;
			buildActionMask = 2147483647;
			files = (
			);
			runOnlyForDeploymentPostprocessing = 0;
		};
		84BDF2901E12C90B00BACB09 /* Frameworks */ = {
			isa = PBXFrameworksBuildPhase;
			buildActionMask = 2147483647;
			files = (
			);
			runOnlyForDeploymentPostprocessing = 0;
		};
/* End PBXFrameworksBuildPhase section */

/* Begin PBXGroup section */
		84577C741E4B85FD00E0C6CF /* MyIcon */ = {
			isa = PBXGroup;
			children = (
				849AF8661E7F20FA00687FC4 /* welcome-pictures-30.png */,
				8485A5361E7DD3C100EE60F4 /* Add.png */,
				8485A5371E7DD3C100EE60F4 /* application-icon.png */,
				8485A5381E7DD3C100EE60F4 /* login2-01.png */,
				8485A5391E7DD3C100EE60F4 /* Payment.png */,
				8485A53A1E7DD3C100EE60F4 /* Picture12.png */,
				8485A53B1E7DD3C100EE60F4 /* Profile.png */,
				8485A53C1E7DD3C100EE60F4 /* purchase-guy.png */,
				8485A53D1E7DD3C100EE60F4 /* Report.png */,
				8485A53E1E7DD3C100EE60F4 /* Request.png */,
				8485A53F1E7DD3C100EE60F4 /* Setting.png */,
				8485A5401E7DD3C100EE60F4 /* vsl-header-scm-Inventory-management.png */,
			);
			name = MyIcon;
			sourceTree = "<group>";
		};
		84BDF2661E12C90B00BACB09 = {
			isa = PBXGroup;
			children = (
				84BDF2711E12C90B00BACB09 /* collegeInventory */,
				84BDF28B1E12C90B00BACB09 /* collegeInventoryTests */,
				84BDF2961E12C90B00BACB09 /* collegeInventoryUITests */,
				84BDF2701E12C90B00BACB09 /* Products */,
			);
			sourceTree = "<group>";
			tabWidth = 4;
		};
		84BDF2701E12C90B00BACB09 /* Products */ = {
			isa = PBXGroup;
			children = (
				84BDF26F1E12C90B00BACB09 /* collegeInventory.app */,
				84BDF2881E12C90B00BACB09 /* collegeInventoryTests.xctest */,
				84BDF2931E12C90B00BACB09 /* collegeInventoryUITests.xctest */,
			);
			name = Products;
			sourceTree = "<group>";
		};
		84BDF2711E12C90B00BACB09 /* collegeInventory */ = {
			isa = PBXGroup;
			children = (
				84577C741E4B85FD00E0C6CF /* MyIcon */,
				84BDF2751E12C90B00BACB09 /* AppDelegate.h */,
				84BDF2761E12C90B00BACB09 /* AppDelegate.m */,
				84BDF2781E12C90B00BACB09 /* ViewController.h */,
				84BDF2791E12C90B00BACB09 /* ViewController.m */,
				84BDF27B1E12C90B00BACB09 /* Main.storyboard */,
				842B9CE91E798A1A00C79E5A /* rentitemdetail.h */,
				842B9CEA1E798A1A00C79E5A /* rentitemdetail.m */,
				842B9CE61E79861D00C79E5A /* updateprofile.h */,
				842B9CE71E79861D00C79E5A /* updateprofile.m */,
				8407CC061E78ED6E0075052F /* rentitemlist.h */,
				8407CC071E78ED6E0075052F /* rentitemlist.m */,
				8407CC031E78EC060075052F /* rentItem.h */,
				8407CC041E78EC060075052F /* rentItem.m */,
				846307621E77372A00814D34 /* requestdetail.h */,
				846307631E77372A00814D34 /* requestdetail.m */,
				8463075F1E7736EA00814D34 /* RequestItem.h */,
				846307601E7736EA00814D34 /* RequestItem.m */,
				8463075C1E77360000814D34 /* requestlist.h */,
				8463075D1E77360000814D34 /* requestlist.m */,
				84B206231E75AA3400FE46CA /* reportdetail.h */,
				84B206241E75AA3400FE46CA /* reportdetail.m */,
				84B206201E75A7D700FE46CA /* reportlist.h */,
				84B206211E75A7D700FE46CA /* reportlist.m */,
				84B2061D1E75A65B00FE46CA /* reportItem.h */,
				84B2061E1E75A65B00FE46CA /* reportItem.m */,
				84B2061A1E758DB800FE46CA /* AddItem.h */,
				84B2061B1E758DB800FE46CA /* AddItem.m */,
				84B206171E758D7100FE46CA /* myfile2.h */,
				84B206181E758D7100FE46CA /* myfile2.m */,
				84B206141E758A1900FE46CA /* myItems.h */,
				84B206151E758A1900FE46CA /* myItems.m */,
				8447FB691E6B660200BAFED0 /* profileview.h */,
				8447FB6A1E6B660200BAFED0 /* profileview.m */,
				84A239321E6AF0C9005EEEE7 /* homepage.h */,
				84A239331E6AF0C9005EEEE7 /* homepage.m */,
				84BDF27E1E12C90B00BACB09 /* Assets.xcassets */,
				84BDF2801E12C90B00BACB09 /* LaunchScreen.storyboard */,
				84BDF2831E12C90B00BACB09 /* Info.plist */,
				84BDF2721E12C90B00BACB09 /* Supporting Files */,
			);
			path = collegeInventory;
			sourceTree = "<group>";
		};
		84BDF2721E12C90B00BACB09 /* Supporting Files */ = {
			isa = PBXGroup;
			children = (
				84BDF2731E12C90B00BACB09 /* main.m */,
			);
			name = "Supporting Files";
			sourceTree = "<group>";
		};
		84BDF28B1E12C90B00BACB09 /* collegeInventoryTests */ = {
			isa = PBXGroup;
			children = (
				84BDF28C1E12C90B00BACB09 /* collegeInventoryTests.m */,
				84BDF28E1E12C90B00BACB09 /* Info.plist */,
			);
			path = collegeInventoryTests;
			sourceTree = "<group>";
		};
		84BDF2961E12C90B00BACB09 /* collegeInventoryUITests */ = {
			isa = PBXGroup;
			children = (
				84BDF2971E12C90B00BACB09 /* collegeInventoryUITests.m */,
				84BDF2991E12C90B00BACB09 /* Info.plist */,
			);
			path = collegeInventoryUITests;
			sourceTree = "<group>";
		};
/* End PBXGroup section */

/* Begin PBXNativeTarget section */
		84BDF26E1E12C90B00BACB09 /* collegeInventory */ = {
			isa = PBXNativeTarget;
			buildConfigurationList = 84BDF29C1E12C90B00BACB09 /* Build configuration list for PBXNativeTarget "collegeInventory" */;
			buildPhases = (
				84BDF26B1E12C90B00BACB09 /* Sources */,
				84BDF26C1E12C90B00BACB09 /* Frameworks */,
				84BDF26D1E12C90B00BACB09 /* Resources */,
			);
			buildRules = (
			);
			dependencies = (
			);
			name = collegeInventory;
			productName = collegeInventory;
			productReference = 84BDF26F1E12C90B00BACB09 /* collegeInventory.app */;
			productType = "com.apple.product-type.application";
		};
		84BDF2871E12C90B00BACB09 /* collegeInventoryTests */ = {
			isa = PBXNativeTarget;
			buildConfigurationList = 84BDF29F1E12C90B00BACB09 /* Build configuration list for PBXNativeTarget "collegeInventoryTests" */;
			buildPhases = (
				84BDF2841E12C90B00BACB09 /* Sources */,
				84BDF2851E12C90B00BACB09 /* Frameworks */,
				84BDF2861E12C90B00BACB09 /* Resources */,
			);
			buildRules = (
			);
			dependencies = (
				84BDF28A1E12C90B00BACB09 /* PBXTargetDependency */,
			);
			name = collegeInventoryTests;
			productName = collegeInventoryTests;
			productReference = 84BDF2881E12C90B00BACB09 /* collegeInventoryTests.xctest */;
			productType = "com.apple.product-type.bundle.unit-test";
		};
		84BDF2921E12C90B00BACB09 /* collegeInventoryUITests */ = {
			isa = PBXNativeTarget;
			buildConfigurationList = 84BDF2A21E12C90B00BACB09 /* Build configuration list for PBXNativeTarget "collegeInventoryUITests" */;
			buildPhases = (
				84BDF28F1E12C90B00BACB09 /* Sources */,
				84BDF2901E12C90B00BACB09 /* Frameworks */,
				84BDF2911E12C90B00BACB09 /* Resources */,
			);
			buildRules = (
			);
			dependencies = (
				84BDF2951E12C90B00BACB09 /* PBXTargetDependency */,
			);
			name = collegeInventoryUITests;
			productName = collegeInventoryUITests;
			productReference = 84BDF2931E12C90B00BACB09 /* collegeInventoryUITests.xctest */;
			productType = "com.apple.product-type.bundle.ui-testing";
		};
/* End PBXNativeTarget section */

/* Begin PBXProject section */
		84BDF2671E12C90B00BACB09 /* Project object */ = {
			isa = PBXProject;
			attributes = {
				LastUpgradeCheck = 0820;
				ORGANIZATIONNAME = admin;
				TargetAttributes = {
					84BDF26E1E12C90B00BACB09 = {
						CreatedOnToolsVersion = 8.2.1;
						DevelopmentTeam = L9227P8N6A;
						ProvisioningStyle = Automatic;
					};
					84BDF2871E12C90B00BACB09 = {
						CreatedOnToolsVersion = 8.2.1;
						ProvisioningStyle = Automatic;
						TestTargetID = 84BDF26E1E12C90B00BACB09;
					};
					84BDF2921E12C90B00BACB09 = {
						CreatedOnToolsVersion = 8.2.1;
						ProvisioningStyle = Automatic;
						TestTargetID = 84BDF26E1E12C90B00BACB09;
					};
				};
			};
			buildConfigurationList = 84BDF26A1E12C90B00BACB09 /* Build configuration list for PBXProject "collegeInventory" */;
			compatibilityVersion = "Xcode 3.2";
			developmentRegion = English;
			hasScannedForEncodings = 0;
			knownRegions = (
				en,
				Base,
			);
			mainGroup = 84BDF2661E12C90B00BACB09;
			productRefGroup = 84BDF2701E12C90B00BACB09 /* Products */;
			projectDirPath = "";
			projectRoot = "";
			targets = (
				84BDF26E1E12C90B00BACB09 /* collegeInventory */,
				84BDF2871E12C90B00BACB09 /* collegeInventoryTests */,
				84BDF2921E12C90B00BACB09 /* collegeInventoryUITests */,
			);
		};
/* End PBXProject section */

/* Begin PBXResourcesBuildPhase section */
		84BDF26D1E12C90B00BACB09 /* Resources */ = {
			isa = PBXResourcesBuildPhase;
			buildActionMask = 2147483647;
			files = (
				8485A5441E7DD3C100EE60F4 /* Payment.png in Resources */,
				8485A54A1E7DD3C100EE60F4 /* Setting.png in Resources */,
				84BDF2821E12C90B00BACB09 /* LaunchScreen.storyboard in Resources */,
				8485A5431E7DD3C100EE60F4 /* login2-01.png in Resources */,
				8485A5491E7DD3C100EE60F4 /* Request.png in Resources */,
				8485A5481E7DD3C100EE60F4 /* Report.png in Resources */,
				8485A54B1E7DD3C100EE60F4 /* vsl-header-scm-Inventory-management.png in Resources */,
				84BDF27F1E12C90B00BACB09 /* Assets.xcassets in Resources */,
				849AF8671E7F20FA00687FC4 /* welcome-pictures-30.png in Resources */,
				8485A5461E7DD3C100EE60F4 /* Profile.png in Resources */,
				8485A5421E7DD3C100EE60F4 /* application-icon.png in Resources */,
				8485A5471E7DD3C100EE60F4 /* purchase-guy.png in Resources */,
				84BDF27D1E12C90B00BACB09 /* Main.storyboard in Resources */,
				8485A5411E7DD3C100EE60F4 /* Add.png in Resources */,
				8485A5451E7DD3C100EE60F4 /* Picture12.png in Resources */,
			);
			runOnlyForDeploymentPostprocessing = 0;
		};
		84BDF2861E12C90B00BACB09 /* Resources */ = {
			isa = PBXResourcesBuildPhase;
			buildActionMask = 2147483647;
			files = (
			);
			runOnlyForDeploymentPostprocessing = 0;
		};
		84BDF2911E12C90B00BACB09 /* Resources */ = {
			isa = PBXResourcesBuildPhase;
			buildActionMask = 2147483647;
			files = (
			);
			runOnlyForDeploymentPostprocessing = 0;
		};
/* End PBXResourcesBuildPhase section */

/* Begin PBXSourcesBuildPhase section */
		84BDF26B1E12C90B00BACB09 /* Sources */ = {
			isa = PBXSourcesBuildPhase;
			buildActionMask = 2147483647;
			files = (
				842B9CE81E79861D00C79E5A /* updateprofile.m in Sources */,
				84B206251E75AA3400FE46CA /* reportdetail.m in Sources */,
				84B206191E758D7100FE46CA /* myfile2.m in Sources */,
				84BDF27A1E12C90B00BACB09 /* ViewController.m in Sources */,
				84BDF2771E12C90B00BACB09 /* AppDelegate.m in Sources */,
				84B206221E75A7D700FE46CA /* reportlist.m in Sources */,
				842B9CEB1E798A1A00C79E5A /* rentitemdetail.m in Sources */,
				8463075E1E77360000814D34 /* requestlist.m in Sources */,
				846307641E77372A00814D34 /* requestdetail.m in Sources */,
				84B206161E758A1900FE46CA /* myItems.m in Sources */,
				846307611E7736EA00814D34 /* RequestItem.m in Sources */,
				8407CC051E78EC060075052F /* rentItem.m in Sources */,
				84B2061F1E75A65B00FE46CA /* reportItem.m in Sources */,
				84B2061C1E758DB800FE46CA /* AddItem.m in Sources */,
				8447FB6B1E6B660200BAFED0 /* profileview.m in Sources */,
				8407CC081E78ED6E0075052F /* rentitemlist.m in Sources */,
				84BDF2741E12C90B00BACB09 /* main.m in Sources */,
				84A239341E6AF0C9005EEEE7 /* homepage.m in Sources */,
			);
			runOnlyForDeploymentPostprocessing = 0;
		};
		84BDF2841E12C90B00BACB09 /* Sources */ = {
			isa = PBXSourcesBuildPhase;
			buildActionMask = 2147483647;
			files = (
				84BDF28D1E12C90B00BACB09 /* collegeInventoryTests.m in Sources */,
			);
			runOnlyForDeploymentPostprocessing = 0;
		};
		84BDF28F1E12C90B00BACB09 /* Sources */ = {
			isa = PBXSourcesBuildPhase;
			buildActionMask = 2147483647;
			files = (
				84BDF2981E12C90B00BACB09 /* collegeInventoryUITests.m in Sources */,
			);
			runOnlyForDeploymentPostprocessing = 0;
		};
/* End PBXSourcesBuildPhase section */

/* Begin PBXTargetDependency section */
		84BDF28A1E12C90B00BACB09 /* PBXTargetDependency */ = {
			isa = PBXTargetDependency;
			target = 84BDF26E1E12C90B00BACB09 /* collegeInventory */;
			targetProxy = 84BDF2891E12C90B00BACB09 /* PBXContainerItemProxy */;
		};
		84BDF2951E12C90B00BACB09 /* PBXTargetDependency */ = {
			isa = PBXTargetDependency;
			target = 84BDF26E1E12C90B00BACB09 /* collegeInventory */;
			targetProxy = 84BDF2941E12C90B00BACB09 /* PBXContainerItemProxy */;
		};
/* End PBXTargetDependency section */

/* Begin PBXVariantGroup section */
		84BDF27B1E12C90B00BACB09 /* Main.storyboard */ = {
			isa = PBXVariantGroup;
			children = (
				84BDF27C1E12C90B00BACB09 /* Base */,
			);
			name = Main.storyboard;
			sourceTree = "<group>";
		};
		84BDF2801E12C90B00BACB09 /* LaunchScreen.storyboard */ = {
			isa = PBXVariantGroup;
			children = (
				84BDF2811E12C90B00BACB09 /* Base */,
			);
			name = LaunchScreen.storyboard;
			sourceTree = "<group>";
		};
/* End PBXVariantGroup section */

/* Begin XCBuildConfiguration section */
		84BDF29A1E12C90B00BACB09 /* Debug */ = {
			isa = XCBuildConfiguration;
			buildSettings = {
				ALWAYS_SEARCH_USER_PATHS = NO;
				CLANG_ANALYZER_NONNULL = YES;
				CLANG_CXX_LANGUAGE_STANDARD = "gnu++0x";
				CLANG_CXX_LIBRARY = "libc++";
				CLANG_ENABLE_MODULES = YES;
				CLANG_ENABLE_OBJC_ARC = YES;
				CLANG_WARN_BOOL_CONVERSION = YES;
				CLANG_WARN_CONSTANT_CONVERSION = YES;
				CLANG_WARN_DIRECT_OBJC_ISA_USAGE = YES_ERROR;
				CLANG_WARN_DOCUMENTATION_COMMENTS = YES;
				CLANG_WARN_EMPTY_BODY = YES;
				CLANG_WARN_ENUM_CONVERSION = YES;
				CLANG_WARN_INFINITE_RECURSION = YES;
				CLANG_WARN_INT_CONVERSION = YES;
				CLANG_WARN_OBJC_ROOT_CLASS = YES_ERROR;
				CLANG_WARN_SUSPICIOUS_MOVE = YES;
				CLANG_WARN_UNREACHABLE_CODE = YES;
				CLANG_WARN__DUPLICATE_METHOD_MATCH = YES;
				"CODE_SIGN_IDENTITY[sdk=iphoneos*]" = "iPhone Developer";
				COPY_PHASE_STRIP = NO;
				DEBUG_INFORMATION_FORMAT = dwarf;
				ENABLE_STRICT_OBJC_MSGSEND = YES;
				ENABLE_TESTABILITY = YES;
				GCC_C_LANGUAGE_STANDARD = gnu99;
				GCC_DYNAMIC_NO_PIC = NO;
				GCC_NO_COMMON_BLOCKS = YES;
				GCC_OPTIMIZATION_LEVEL = 0;
				GCC_PREPROCESSOR_DEFINITIONS = (
					"DEBUG=1",
					"$(inherited)",
				);
				GCC_WARN_64_TO_32_BIT_CONVERSION = YES;
				GCC_WARN_ABOUT_RETURN_TYPE = YES_ERROR;
				GCC_WARN_UNDECLARED_SELECTOR = YES;
				GCC_WARN_UNINITIALIZED_AUTOS = YES_AGGRESSIVE;
				GCC_WARN_UNUSED_FUNCTION = YES;
				GCC_WARN_UNUSED_VARIABLE = YES;
				IPHONEOS_DEPLOYMENT_TARGET = 10.2;
				MTL_ENABLE_DEBUG_INFO = YES;
				ONLY_ACTIVE_ARCH = YES;
				SDKROOT = iphoneos;
			};
			name = Debug;
		};
		84BDF29B1E12C90B00BACB09 /* Release */ = {
			isa = XCBuildConfiguration;
			buildSettings = {
				ALWAYS_SEARCH_USER_PATHS = NO;
				CLANG_ANALYZER_NONNULL = YES;
				CLANG_CXX_LANGUAGE_STANDARD = "gnu++0x";
				CLANG_CXX_LIBRARY = "libc++";
				CLANG_ENABLE_MODULES = YES;
				CLANG_ENABLE_OBJC_ARC = YES;
				CLANG_WARN_BOOL_CONVERSION = YES;
				CLANG_WARN_CONSTANT_CONVERSION = YES;
				CLANG_WARN_DIRECT_OBJC_ISA_USAGE = YES_ERROR;
				CLANG_WARN_DOCUMENTATION_COMMENTS = YES;
				CLANG_WARN_EMPTY_BODY = YES;
				CLANG_WARN_ENUM_CONVERSION = YES;
				CLANG_WARN_INFINITE_RECURSION = YES;
				CLANG_WARN_INT_CONVERSION = YES;
				CLANG_WARN_OBJC_ROOT_CLASS = YES_ERROR;
				CLANG_WARN_SUSPICIOUS_MOVE = YES;
				CLANG_WARN_UNREACHABLE_CODE = YES;
				CLANG_WARN__DUPLICATE_METHOD_MATCH = YES;
				"CODE_SIGN_IDENTITY[sdk=iphoneos*]" = "iPhone Developer";
				COPY_PHASE_STRIP = NO;
				DEBUG_INFORMATION_FORMAT = "dwarf-with-dsym";
				ENABLE_NS_ASSERTIONS = NO;
				ENABLE_STRICT_OBJC_MSGSEND = YES;
				GCC_C_LANGUAGE_STANDARD = gnu99;
				GCC_NO_COMMON_BLOCKS = YES;
				GCC_WARN_64_TO_32_BIT_CONVERSION = YES;
				GCC_WARN_ABOUT_RETURN_TYPE = YES_ERROR;
				GCC_WARN_UNDECLARED_SELECTOR = YES;
				GCC_WARN_UNINITIALIZED_AUTOS = YES_AGGRESSIVE;
				GCC_WARN_UNUSED_FUNCTION = YES;
				GCC_WARN_UNUSED_VARIABLE = YES;
				IPHONEOS_DEPLOYMENT_TARGET = 10.2;
				MTL_ENABLE_DEBUG_INFO = NO;
				SDKROOT = iphoneos;
				VALIDATE_PRODUCT = YES;
			};
			name = Release;
		};
		84BDF29D1E12C90B00BACB09 /* Debug */ = {
			isa = XCBuildConfiguration;
			buildSettings = {
				ASSETCATALOG_COMPILER_APPICON_NAME = AppIcon;
				DEVELOPMENT_TEAM = L9227P8N6A;
				INFOPLIST_FILE = collegeInventory/Info.plist;
				IPHONEOS_DEPLOYMENT_TARGET = 10.0;
				LD_RUNPATH_SEARCH_PATHS = "$(inherited) @executable_path/Frameworks";
				PRODUCT_BUNDLE_IDENTIFIER = MyProject.collegeInventory;
				PRODUCT_NAME = "$(TARGET_NAME)";
				TARGETED_DEVICE_FAMILY = 1;
			};
			name = Debug;
		};
		84BDF29E1E12C90B00BACB09 /* Release */ = {
			isa = XCBuildConfiguration;
			buildSettings = {
				ASSETCATALOG_COMPILER_APPICON_NAME = AppIcon;
				DEVELOPMENT_TEAM = L9227P8N6A;
				INFOPLIST_FILE = collegeInventory/Info.plist;
				IPHONEOS_DEPLOYMENT_TARGET = 10.0;
				LD_RUNPATH_SEARCH_PATHS = "$(inherited) @executable_path/Frameworks";
				PRODUCT_BUNDLE_IDENTIFIER = MyProject.collegeInventory;
				PRODUCT_NAME = "$(TARGET_NAME)";
				TARGETED_DEVICE_FAMILY = 1;
			};
			name = Release;
		};
		84BDF2A01E12C90B00BACB09 /* Debug */ = {
			isa = XCBuildConfiguration;
			buildSettings = {
				BUNDLE_LOADER = "$(TEST_HOST)";
				INFOPLIST_FILE = collegeInventoryTests/Info.plist;
				LD_RUNPATH_SEARCH_PATHS = "$(inherited) @executable_path/Frameworks @loader_path/Frameworks";
				PRODUCT_BUNDLE_IDENTIFIER = MyProject.collegeInventoryTests;
				PRODUCT_NAME = "$(TARGET_NAME)";
				TEST_HOST = "$(BUILT_PRODUCTS_DIR)/collegeInventory.app/collegeInventory";
			};
			name = Debug;
		};
		84BDF2A11E12C90B00BACB09 /* Release */ = {
			isa = XCBuildConfiguration;
			buildSettings = {
				BUNDLE_LOADER = "$(TEST_HOST)";
				INFOPLIST_FILE = collegeInventoryTests/Info.plist;
				LD_RUNPATH_SEARCH_PATHS = "$(inherited) @executable_path/Frameworks @loader_path/Frameworks";
				PRODUCT_BUNDLE_IDENTIFIER = MyProject.collegeInventoryTests;
				PRODUCT_NAME = "$(TARGET_NAME)";
				TEST_HOST = "$(BUILT_PRODUCTS_DIR)/collegeInventory.app/collegeInventory";
			};
			name = Release;
		};
		84BDF2A31E12C90B00BACB09 /* Debug */ = {
			isa = XCBuildConfiguration;
			buildSettings = {
				INFOPLIST_FILE = collegeInventoryUITests/Info.plist;
				LD_RUNPATH_SEARCH_PATHS = "$(inherited) @executable_path/Frameworks @loader_path/Frameworks";
				PRODUCT_BUNDLE_IDENTIFIER = MyProject.collegeInventoryUITests;
				PRODUCT_NAME = "$(TARGET_NAME)";
				TEST_TARGET_NAME = collegeInventory;
			};
			name = Debug;
		};
		84BDF2A41E12C90B00BACB09 /* Release */ = {
			isa = XCBuildConfiguration;
			buildSettings = {
				INFOPLIST_FILE = collegeInventoryUITests/Info.plist;
				LD_RUNPATH_SEARCH_PATHS = "$(inherited) @executable_path/Frameworks @loader_path/Frameworks";
				PRODUCT_BUNDLE_IDENTIFIER = MyProject.collegeInventoryUITests;
				PRODUCT_NAME = "$(TARGET_NAME)";
				TEST_TARGET_NAME = collegeInventory;
			};
			name = Release;
		};
/* End XCBuildConfiguration section */

/* Begin XCConfigurationList section */
		84BDF26A1E12C90B00BACB09 /* Build configuration list for PBXProject "collegeInventory" */ = {
			isa = XCConfigurationList;
			buildConfigurations = (
				84BDF29A1E12C90B00BACB09 /* Debug */,
				84BDF29B1E12C90B00BACB09 /* Release */,
			);
			defaultConfigurationIsVisible = 0;
			defaultConfigurationName = Release;
		};
		84BDF29C1E12C90B00BACB09 /* Build configuration list for PBXNativeTarget "collegeInventory" */ = {
			isa = XCConfigurationList;
			buildConfigurations = (
				84BDF29D1E12C90B00BACB09 /* Debug */,
				84BDF29E1E12C90B00BACB09 /* Release */,
			);
			defaultConfigurationIsVisible = 0;
			defaultConfigurationName = Release;
		};
		84BDF29F1E12C90B00BACB09 /* Build configuration list for PBXNativeTarget "collegeInventoryTests" */ = {
			isa = XCConfigurationList;
			buildConfigurations = (
				84BDF2A01E12C90B00BACB09 /* Debug */,
				84BDF2A11E12C90B00BACB09 /* Release */,
			);
			defaultConfigurationIsVisible = 0;
			defaultConfigurationName = Release;
		};
		84BDF2A21E12C90B00BACB09 /* Build configuration list for PBXNativeTarget "collegeInventoryUITests" */ = {
			isa = XCConfigurationList;
			buildConfigurations = (
				84BDF2A31E12C90B00BACB09 /* Debug */,
				84BDF2A41E12C90B00BACB09 /* Release */,
			);
			defaultConfigurationIsVisible = 0;
			defaultConfigurationName = Release;
		};
/* End XCConfigurationList section */
	};
	rootObject = 84BDF2671E12C90B00BACB09 /* Project object */;
}
